
Microsoft Visual Studio Solution File, Format Version 12.00
# Visual Studio 15
VisualStudioVersion = 15.0.27428.2037
MinimumVisualStudioVersion = 10.0.40219.1
Project("{FAE04EC0-301F-11D3-BF4B-00C04F79EFBC}") = "ComicBookGallery", "ComicBookGallery\ComicBookGallery.csproj", "{E14E14F3-1F7E-4C59-A6F0-8C2B8EEEC0C7}"
EndProject
Global
	GlobalSection(SolutionConfigurationPlatforms) = preSolution
		Debug|Any CPU = Debug|Any CPU
		Release|Any CPU = Release|Any CPU
	EndGlobalSection
	GlobalSection(ProjectConfigurationPlatforms) = postSolution
		{E14E14F3-1F7E-4C59-A6F0-8C2B8EEEC0C7}.Debug|Any CPU.ActiveCfg = Debug|Any CPU
		{E14E14F3-1F7E-4C59-A6F0-8C2B8EEEC0C7}.Debug|Any CPU.Build.0 = Debug|Any CPU
		{E14E14F3-1F7E-4C59-A6F0-8C2B8EEEC0C7}.Release|Any CPU.ActiveCfg = Release|Any CPU
		{E14E14F3-1F7E-4C59-A6F0-8C2B8EEEC0C7}.Release|Any CPU.Build.0 = Release|Any CPU
	EndGlobalSection
	GlobalSection(SolutionProperties) = preSolution
		HideSolutionNode = FALSE
	EndGlobalSection
	GlobalSection(ExtensibilityGlobals) = postSolution
		SolutionGuid = {82E4A7D9-D9CC-407C-B3C9-172B64955095}
	EndGlobalSection
EndGlobal
